
Microsoft Visual Studio Solution File, Format Version 12.00
# Visual Studio 2017
Project("{FAE04EC0-301F-11D3-BF4B-00C04F79EFBC}") = "space-impact-clone-unity", "space-impact-clone-unity.csproj", "{BF822C2C-99C7-B379-4A67-106295179BED}"
EndProject
Global
	GlobalSection(SolutionConfigurationPlatforms) = preSolution
		Debug|Any CPU = Debug|Any CPU
		Release|Any CPU = Release|Any CPU
	EndGlobalSection
	GlobalSection(ProjectConfigurationPlatforms) = postSolution
		{BF822C2C-99C7-B379-4A67-106295179BED}.Debug|Any CPU.ActiveCfg = Debug|Any CPU
		{BF822C2C-99C7-B379-4A67-106295179BED}.Debug|Any CPU.Build.0 = Debug|Any CPU
		{BF822C2C-99C7-B379-4A67-106295179BED}.Release|Any CPU.ActiveCfg = Release|Any CPU
		{BF822C2C-99C7-B379-4A67-106295179BED}.Release|Any CPU.Build.0 = Release|Any CPU
	EndGlobalSection
	GlobalSection(SolutionProperties) = preSolution
		HideSolutionNode = FALSE
	EndGlobalSection
EndGlobal
